// !$*UTF8*$!
{
	archiveVersion = 1;
	classes = {
	};
	objectVersion = 50;
	objects = {

/* Begin PBXBuildFile section */
		14EB0388221872C300969E09 /* AppDelegate.swift in Sources */ = {isa = PBXBuildFile; fileRef = 14EB0387221872C300969E09 /* AppDelegate.swift */; };
		14EB038A221872C300969E09 /* ViewController.swift in Sources */ = {isa = PBXBuildFile; fileRef = 14EB0389221872C300969E09 /* ViewController.swift */; };
		14EB038D221872C300969E09 /* Main.storyboard in Resources */ = {isa = PBXBuildFile; fileRef = 14EB038B221872C300969E09 /* Main.storyboard */; };
		14EB0390221872C300969E09 /* Instagroom.xcdatamodeld in Sources */ = {isa = PBXBuildFile; fileRef = 14EB038E221872C300969E09 /* Instagroom.xcdatamodeld */; };
		14EB0392221872C500969E09 /* Assets.xcassets in Resources */ = {isa = PBXBuildFile; fileRef = 14EB0391221872C500969E09 /* Assets.xcassets */; };
		14EB0395221872C500969E09 /* LaunchScreen.storyboard in Resources */ = {isa = PBXBuildFile; fileRef = 14EB0393221872C500969E09 /* LaunchScreen.storyboard */; };
		14EB03A0221872C600969E09 /* InstagroomTests.swift in Sources */ = {isa = PBXBuildFile; fileRef = 14EB039F221872C600969E09 /* InstagroomTests.swift */; };
		14EB03AB221872C600969E09 /* InstagroomUITests.swift in Sources */ = {isa = PBXBuildFile; fileRef = 14EB03AA221872C600969E09 /* InstagroomUITests.swift */; };
		14EB03DB221A50BC00969E09 /* Extensions.swift in Sources */ = {isa = PBXBuildFile; fileRef = 14EB03DA221A50BC00969E09 /* Extensions.swift */; };
		14EB03DD221A646100969E09 /* GoogleService-Info.plist in Resources */ = {isa = PBXBuildFile; fileRef = 14EB03DC221A646100969E09 /* GoogleService-Info.plist */; };
		BC69757F717C9EA770E3C60D /* Pods_InstagroomUITests.framework in Frameworks */ = {isa = PBXBuildFile; fileRef = 6E0781253C6AF41D927747AA /* Pods_InstagroomUITests.framework */; };
		D454A86ECC854797F52470C7 /* Pods_Instagroom.framework in Frameworks */ = {isa = PBXBuildFile; fileRef = F52E7595AF6DFCFDECC8D6F1 /* Pods_Instagroom.framework */; };
		D4DE9A995F07BB55342C30DB /* Pods_InstagroomTests.framework in Frameworks */ = {isa = PBXBuildFile; fileRef = 4BEB43EA5C7DC437F664CBFD /* Pods_InstagroomTests.framework */; };
/* End PBXBuildFile section */

/* Begin PBXContainerItemProxy section */
		14EB039C221872C600969E09 /* PBXContainerItemProxy */ = {
			isa = PBXContainerItemProxy;
			containerPortal = 14EB037C221872C300969E09 /* Project object */;
			proxyType = 1;
			remoteGlobalIDString = 14EB0383221872C300969E09;
			remoteInfo = Instagroom;
		};
		14EB03A7221872C600969E09 /* PBXContainerItemProxy */ = {
			isa = PBXContainerItemProxy;
			containerPortal = 14EB037C221872C300969E09 /* Project object */;
			proxyType = 1;
			remoteGlobalIDString = 14EB0383221872C300969E09;
			remoteInfo = Instagroom;
		};
/* End PBXContainerItemProxy section */

/* Begin PBXFileReference section */
		0754D9053EA1DE4B86C0C1CC /* Pods-Instagroom.release.xcconfig */ = {isa = PBXFileReference; includeInIndex = 1; lastKnownFileType = text.xcconfig; name = "Pods-Instagroom.release.xcconfig"; path = "Pods/Target Support Files/Pods-Instagroom/Pods-Instagroom.release.xcconfig"; sourceTree = "<group>"; };
		14EB0384221872C300969E09 /* Instagroom.app */ = {isa = PBXFileReference; explicitFileType = wrapper.application; includeInIndex = 0; path = Instagroom.app; sourceTree = BUILT_PRODUCTS_DIR; };
		14EB0387221872C300969E09 /* AppDelegate.swift */ = {isa = PBXFileReference; lastKnownFileType = sourcecode.swift; path = AppDelegate.swift; sourceTree = "<group>"; };
		14EB0389221872C300969E09 /* ViewController.swift */ = {isa = PBXFileReference; lastKnownFileType = sourcecode.swift; path = ViewController.swift; sourceTree = "<group>"; };
		14EB038C221872C300969E09 /* Base */ = {isa = PBXFileReference; lastKnownFileType = file.storyboard; name = Base; path = Base.lproj/Main.storyboard; sourceTree = "<group>"; };
		14EB038F221872C300969E09 /* Instagroom.xcdatamodel */ = {isa = PBXFileReference; lastKnownFileType = wrapper.xcdatamodel; path = Instagroom.xcdatamodel; sourceTree = "<group>"; };
		14EB0391221872C500969E09 /* Assets.xcassets */ = {isa = PBXFileReference; lastKnownFileType = folder.assetcatalog; path = Assets.xcassets; sourceTree = "<group>"; };
		14EB0394221872C500969E09 /* Base */ = {isa = PBXFileReference; lastKnownFileType = file.storyboard; name = Base; path = Base.lproj/LaunchScreen.storyboard; sourceTree = "<group>"; };
		14EB0396221872C500969E09 /* Info.plist */ = {isa = PBXFileReference; lastKnownFileType = text.plist.xml; path = Info.plist; sourceTree = "<group>"; };
		14EB039B221872C600969E09 /* InstagroomTests.xctest */ = {isa = PBXFileReference; explicitFileType = wrapper.cfbundle; includeInIndex = 0; path = InstagroomTests.xctest; sourceTree = BUILT_PRODUCTS_DIR; };
		14EB039F221872C600969E09 /* InstagroomTests.swift */ = {isa = PBXFileReference; lastKnownFileType = sourcecode.swift; path = InstagroomTests.swift; sourceTree = "<group>"; };
		14EB03A1221872C600969E09 /* Info.plist */ = {isa = PBXFileReference; lastKnownFileType = text.plist.xml; path = Info.plist; sourceTree = "<group>"; };
		14EB03A6221872C600969E09 /* InstagroomUITests.xctest */ = {isa = PBXFileReference; explicitFileType = wrapper.cfbundle; includeInIndex = 0; path = InstagroomUITests.xctest; sourceTree = BUILT_PRODUCTS_DIR; };
		14EB03AA221872C600969E09 /* InstagroomUITests.swift */ = {isa = PBXFileReference; lastKnownFileType = sourcecode.swift; path = InstagroomUITests.swift; sourceTree = "<group>"; };
		14EB03AC221872C600969E09 /* Info.plist */ = {isa = PBXFileReference; lastKnownFileType = text.plist.xml; path = Info.plist; sourceTree = "<group>"; };
		14EB03DA221A50BC00969E09 /* Extensions.swift */ = {isa = PBXFileReference; lastKnownFileType = sourcecode.swift; path = Extensions.swift; sourceTree = "<group>"; };
		14EB03DC221A646100969E09 /* GoogleService-Info.plist */ = {isa = PBXFileReference; fileEncoding = 4; lastKnownFileType = text.plist.xml; path = "GoogleService-Info.plist"; sourceTree = "<group>"; };
		3C1702A07C7E83DE6DE2A00C /* Pods-InstagroomUITests.release.xcconfig */ = {isa = PBXFileReference; includeInIndex = 1; lastKnownFileType = text.xcconfig; name = "Pods-InstagroomUITests.release.xcconfig"; path = "Pods/Target Support Files/Pods-InstagroomUITests/Pods-InstagroomUITests.release.xcconfig"; sourceTree = "<group>"; };
		3FF7863744C8FBC82DABD365 /* Pods-InstagroomUITests.debug.xcconfig */ = {isa = PBXFileReference; includeInIndex = 1; lastKnownFileType = text.xcconfig; name = "Pods-InstagroomUITests.debug.xcconfig"; path = "Pods/Target Support Files/Pods-InstagroomUITests/Pods-InstagroomUITests.debug.xcconfig"; sourceTree = "<group>"; };
		4BEB43EA5C7DC437F664CBFD /* Pods_InstagroomTests.framework */ = {isa = PBXFileReference; explicitFileType = wrapper.framework; includeInIndex = 0; path = Pods_InstagroomTests.framework; sourceTree = BUILT_PRODUCTS_DIR; };
		626C60C5BB9953F1EBC6D19E /* Pods-Instagroom.debug.xcconfig */ = {isa = PBXFileReference; includeInIndex = 1; lastKnownFileType = text.xcconfig; name = "Pods-Instagroom.debug.xcconfig"; path = "Pods/Target Support Files/Pods-Instagroom/Pods-Instagroom.debug.xcconfig"; sourceTree = "<group>"; };
		6E0781253C6AF41D927747AA /* Pods_InstagroomUITests.framework */ = {isa = PBXFileReference; explicitFileType = wrapper.framework; includeInIndex = 0; path = Pods_InstagroomUITests.framework; sourceTree = BUILT_PRODUCTS_DIR; };
		7ED9B389B4C95E91D61E695A /* Pods-InstagroomTests.release.xcconfig */ = {isa = PBXFileReference; includeInIndex = 1; lastKnownFileType = text.xcconfig; name = "Pods-InstagroomTests.release.xcconfig"; path = "Pods/Target Support Files/Pods-InstagroomTests/Pods-InstagroomTests.release.xcconfig"; sourceTree = "<group>"; };
		A0500E35AEEAAE929CDD22A2 /* Pods-InstagroomTests.debug.xcconfig */ = {isa = PBXFileReference; includeInIndex = 1; lastKnownFileType = text.xcconfig; name = "Pods-InstagroomTests.debug.xcconfig"; path = "Pods/Target Support Files/Pods-InstagroomTests/Pods-InstagroomTests.debug.xcconfig"; sourceTree = "<group>"; };
		F52E7595AF6DFCFDECC8D6F1 /* Pods_Instagroom.framework */ = {isa = PBXFileReference; explicitFileType = wrapper.framework; includeInIndex = 0; path = Pods_Instagroom.framework; sourceTree = BUILT_PRODUCTS_DIR; };
/* End PBXFileReference section */

/* Begin PBXFrameworksBuildPhase section */
		14EB0381221872C300969E09 /* Frameworks */ = {
			isa = PBXFrameworksBuildPhase;
			buildActionMask = 2147483647;
			files = (
				D454A86ECC854797F52470C7 /* Pods_Instagroom.framework in Frameworks */,
			);
			runOnlyForDeploymentPostprocessing = 0;
		};
		14EB0398221872C600969E09 /* Frameworks */ = {
			isa = PBXFrameworksBuildPhase;
			buildActionMask = 2147483647;
			files = (
				D4DE9A995F07BB55342C30DB /* Pods_InstagroomTests.framework in Frameworks */,
			);
			runOnlyForDeploymentPostprocessing = 0;
		};
		14EB03A3221872C600969E09 /* Frameworks */ = {
			isa = PBXFrameworksBuildPhase;
			buildActionMask = 2147483647;
			files = (
				BC69757F717C9EA770E3C60D /* Pods_InstagroomUITests.framework in Frameworks */,
			);
			runOnlyForDeploymentPostprocessing = 0;
		};
/* End PBXFrameworksBuildPhase section */

/* Begin PBXGroup section */
		04553498D9A52262BFCB4671 /* Pods */ = {
			isa = PBXGroup;
			children = (
				626C60C5BB9953F1EBC6D19E /* Pods-Instagroom.debug.xcconfig */,
				0754D9053EA1DE4B86C0C1CC /* Pods-Instagroom.release.xcconfig */,
				A0500E35AEEAAE929CDD22A2 /* Pods-InstagroomTests.debug.xcconfig */,
				7ED9B389B4C95E91D61E695A /* Pods-InstagroomTests.release.xcconfig */,
				3FF7863744C8FBC82DABD365 /* Pods-InstagroomUITests.debug.xcconfig */,
				3C1702A07C7E83DE6DE2A00C /* Pods-InstagroomUITests.release.xcconfig */,
			);
			name = Pods;
			sourceTree = "<group>";
		};
		14EB037B221872C300969E09 = {
			isa = PBXGroup;
			children = (
				14EB0386221872C300969E09 /* Instagroom */,
				14EB039E221872C600969E09 /* InstagroomTests */,
				14EB03A9221872C600969E09 /* InstagroomUITests */,
				14EB0385221872C300969E09 /* Products */,
				04553498D9A52262BFCB4671 /* Pods */,
				E10F38BE6D06527425685513 /* Frameworks */,
			);
			sourceTree = "<group>";
		};
		14EB0385221872C300969E09 /* Products */ = {
			isa = PBXGroup;
			children = (
				14EB0384221872C300969E09 /* Instagroom.app */,
				14EB039B221872C600969E09 /* InstagroomTests.xctest */,
				14EB03A6221872C600969E09 /* InstagroomUITests.xctest */,
			);
			name = Products;
			sourceTree = "<group>";
		};
		14EB0386221872C300969E09 /* Instagroom */ = {
			isa = PBXGroup;
			children = (
				14EB03D9221A509C00969E09 /* Utils */,
				14EB0387221872C300969E09 /* AppDelegate.swift */,
				14EB0389221872C300969E09 /* ViewController.swift */,
				14EB038B221872C300969E09 /* Main.storyboard */,
				14EB0391221872C500969E09 /* Assets.xcassets */,
				14EB0393221872C500969E09 /* LaunchScreen.storyboard */,
				14EB0396221872C500969E09 /* Info.plist */,
				14EB038E221872C300969E09 /* Instagroom.xcdatamodeld */,
				14EB03DC221A646100969E09 /* GoogleService-Info.plist */,
			);
			path = Instagroom;
			sourceTree = "<group>";
		};
		14EB039E221872C600969E09 /* InstagroomTests */ = {
			isa = PBXGroup;
			children = (
				14EB039F221872C600969E09 /* InstagroomTests.swift */,
				14EB03A1221872C600969E09 /* Info.plist */,
			);
			path = InstagroomTests;
			sourceTree = "<group>";
		};
		14EB03A9221872C600969E09 /* InstagroomUITests */ = {
			isa = PBXGroup;
			children = (
				14EB03AA221872C600969E09 /* InstagroomUITests.swift */,
				14EB03AC221872C600969E09 /* Info.plist */,
			);
			path = InstagroomUITests;
			sourceTree = "<group>";
		};
		14EB03D9221A509C00969E09 /* Utils */ = {
			isa = PBXGroup;
			children = (
				14EB03DA221A50BC00969E09 /* Extensions.swift */,
			);
			path = Utils;
			sourceTree = "<group>";
		};
		E10F38BE6D06527425685513 /* Frameworks */ = {
			isa = PBXGroup;
			children = (
				F52E7595AF6DFCFDECC8D6F1 /* Pods_Instagroom.framework */,
				4BEB43EA5C7DC437F664CBFD /* Pods_InstagroomTests.framework */,
				6E0781253C6AF41D927747AA /* Pods_InstagroomUITests.framework */,
			);
			name = Frameworks;
			sourceTree = "<group>";
		};
/* End PBXGroup section */

/* Begin PBXNativeTarget section */
		14EB0383221872C300969E09 /* Instagroom */ = {
			isa = PBXNativeTarget;
			buildConfigurationList = 14EB03AF221872C600969E09 /* Build configuration list for PBXNativeTarget "Instagroom" */;
			buildPhases = (
				A08579AA6A977579A48020D2 /* [CP] Check Pods Manifest.lock */,
				14EB0380221872C300969E09 /* Sources */,
				14EB0381221872C300969E09 /* Frameworks */,
				14EB0382221872C300969E09 /* Resources */,
				98D35A135C5EA4C68C86E80E /* [CP] Embed Pods Frameworks */,
			);
			buildRules = (
			);
			dependencies = (
			);
			name = Instagroom;
			productName = Instagroom;
			productReference = 14EB0384221872C300969E09 /* Instagroom.app */;
			productType = "com.apple.product-type.application";
		};
		14EB039A221872C600969E09 /* InstagroomTests */ = {
			isa = PBXNativeTarget;
			buildConfigurationList = 14EB03B2221872C600969E09 /* Build configuration list for PBXNativeTarget "InstagroomTests" */;
			buildPhases = (
				B9FF891CE30BE95BBAB46824 /* [CP] Check Pods Manifest.lock */,
				14EB0397221872C600969E09 /* Sources */,
				14EB0398221872C600969E09 /* Frameworks */,
				14EB0399221872C600969E09 /* Resources */,
			);
			buildRules = (
			);
			dependencies = (
				14EB039D221872C600969E09 /* PBXTargetDependency */,
			);
			name = InstagroomTests;
			productName = InstagroomTests;
			productReference = 14EB039B221872C600969E09 /* InstagroomTests.xctest */;
			productType = "com.apple.product-type.bundle.unit-test";
		};
		14EB03A5221872C600969E09 /* InstagroomUITests */ = {
			isa = PBXNativeTarget;
			buildConfigurationList = 14EB03B5221872C600969E09 /* Build configuration list for PBXNativeTarget "InstagroomUITests" */;
			buildPhases = (
				0E25865A611EC44F076B835F /* [CP] Check Pods Manifest.lock */,
				14EB03A2221872C600969E09 /* Sources */,
				14EB03A3221872C600969E09 /* Frameworks */,
				14EB03A4221872C600969E09 /* Resources */,
			);
			buildRules = (
			);
			dependencies = (
				14EB03A8221872C600969E09 /* PBXTargetDependency */,
			);
			name = InstagroomUITests;
			productName = InstagroomUITests;
			productReference = 14EB03A6221872C600969E09 /* InstagroomUITests.xctest */;
			productType = "com.apple.product-type.bundle.ui-testing";
		};
/* End PBXNativeTarget section */

/* Begin PBXProject section */
		14EB037C221872C300969E09 /* Project object */ = {
			isa = PBXProject;
			attributes = {
				LastSwiftUpdateCheck = 1000;
				LastUpgradeCheck = 1000;
				ORGANIZATIONNAME = X;
				TargetAttributes = {
					14EB0383221872C300969E09 = {
						CreatedOnToolsVersion = 10.0;
					};
					14EB039A221872C600969E09 = {
						CreatedOnToolsVersion = 10.0;
						TestTargetID = 14EB0383221872C300969E09;
					};
					14EB03A5221872C600969E09 = {
						CreatedOnToolsVersion = 10.0;
						TestTargetID = 14EB0383221872C300969E09;
					};
				};
			};
			buildConfigurationList = 14EB037F221872C300969E09 /* Build configuration list for PBXProject "Instagroom" */;
			compatibilityVersion = "Xcode 9.3";
			developmentRegion = en;
			hasScannedForEncodings = 0;
			knownRegions = (
				en,
				Base,
			);
			mainGroup = 14EB037B221872C300969E09;
			productRefGroup = 14EB0385221872C300969E09 /* Products */;
			projectDirPath = "";
			projectRoot = "";
			targets = (
				14EB0383221872C300969E09 /* Instagroom */,
				14EB039A221872C600969E09 /* InstagroomTests */,
				14EB03A5221872C600969E09 /* InstagroomUITests */,
			);
		};
/* End PBXProject section */

/* Begin PBXResourcesBuildPhase section */
		14EB0382221872C300969E09 /* Resources */ = {
			isa = PBXResourcesBuildPhase;
			buildActionMask = 2147483647;
			files = (
				14EB0395221872C500969E09 /* LaunchScreen.storyboard in Resources */,
				14EB03DD221A646100969E09 /* GoogleService-Info.plist in Resources */,
				14EB0392221872C500969E09 /* Assets.xcassets in Resources */,
				14EB038D221872C300969E09 /* Main.storyboard in Resources */,
			);
			runOnlyForDeploymentPostprocessing = 0;
		};
		14EB0399221872C600969E09 /* Resources */ = {
			isa = PBXResourcesBuildPhase;
			buildActionMask = 2147483647;
			files = (
			);
			runOnlyForDeploymentPostprocessing = 0;
		};
		14EB03A4221872C600969E09 /* Resources */ = {
			isa = PBXResourcesBuildPhase;
			buildActionMask = 2147483647;
			files = (
			);
			runOnlyForDeploymentPostprocessing = 0;
		};
/* End PBXResourcesBuildPhase section */

/* Begin PBXShellScriptBuildPhase section */
		0E25865A611EC44F076B835F /* [CP] Check Pods Manifest.lock */ = {
			isa = PBXShellScriptBuildPhase;
			buildActionMask = 2147483647;
			files = (
			);
			inputPaths = (
				"${PODS_PODFILE_DIR_PATH}/Podfile.lock",
				"${PODS_ROOT}/Manifest.lock",
			);
			name = "[CP] Check Pods Manifest.lock";
			outputPaths = (
				"$(DERIVED_FILE_DIR)/Pods-InstagroomUITests-checkManifestLockResult.txt",
			);
			runOnlyForDeploymentPostprocessing = 0;
			shellPath = /bin/sh;
			shellScript = "diff \"${PODS_PODFILE_DIR_PATH}/Podfile.lock\" \"${PODS_ROOT}/Manifest.lock\" > /dev/null\nif [ $? != 0 ] ; then\n    # print error to STDERR\n    echo \"error: The sandbox is not in sync with the Podfile.lock. Run 'pod install' or update your CocoaPods installation.\" >&2\n    exit 1\nfi\n# This output is used by Xcode 'outputs' to avoid re-running this script phase.\necho \"SUCCESS\" > \"${SCRIPT_OUTPUT_FILE_0}\"\n";
			showEnvVarsInLog = 0;
		};
		98D35A135C5EA4C68C86E80E /* [CP] Embed Pods Frameworks */ = {
			isa = PBXShellScriptBuildPhase;
			buildActionMask = 2147483647;
			files = (
			);
			inputPaths = (
				"${SRCROOT}/Pods/Target Support Files/Pods-Instagroom/Pods-Instagroom-frameworks.sh",
				"${BUILT_PRODUCTS_DIR}/GTMSessionFetcher/GTMSessionFetcher.framework",
				"${BUILT_PRODUCTS_DIR}/GoogleUtilities/GoogleUtilities.framework",
				"${BUILT_PRODUCTS_DIR}/UITextField+Shake/UITextField_Shake.framework",
				"${BUILT_PRODUCTS_DIR}/leveldb-library/leveldb.framework",
				"${BUILT_PRODUCTS_DIR}/nanopb/nanopb.framework",
			);
			name = "[CP] Embed Pods Frameworks";
			outputPaths = (
				"${TARGET_BUILD_DIR}/${FRAMEWORKS_FOLDER_PATH}/GTMSessionFetcher.framework",
				"${TARGET_BUILD_DIR}/${FRAMEWORKS_FOLDER_PATH}/GoogleUtilities.framework",
				"${TARGET_BUILD_DIR}/${FRAMEWORKS_FOLDER_PATH}/UITextField_Shake.framework",
				"${TARGET_BUILD_DIR}/${FRAMEWORKS_FOLDER_PATH}/leveldb.framework",
				"${TARGET_BUILD_DIR}/${FRAMEWORKS_FOLDER_PATH}/nanopb.framework",
			);
			runOnlyForDeploymentPostprocessing = 0;
			shellPath = /bin/sh;
			shellScript = "\"${SRCROOT}/Pods/Target Support Files/Pods-Instagroom/Pods-Instagroom-frameworks.sh\"\n";
			showEnvVarsInLog = 0;
		};
		A08579AA6A977579A48020D2 /* [CP] Check Pods Manifest.lock */ = {
			isa = PBXShellScriptBuildPhase;
			buildActionMask = 2147483647;
			files = (
			);
			inputPaths = (
				"${PODS_PODFILE_DIR_PATH}/Podfile.lock",
				"${PODS_ROOT}/Manifest.lock",
			);
			name = "[CP] Check Pods Manifest.lock";
			outputPaths = (
				"$(DERIVED_FILE_DIR)/Pods-Instagroom-checkManifestLockResult.txt",
			);
			runOnlyForDeploymentPostprocessing = 0;
			shellPath = /bin/sh;
			shellScript = "diff \"${PODS_PODFILE_DIR_PATH}/Podfile.lock\" \"${PODS_ROOT}/Manifest.lock\" > /dev/null\nif [ $? != 0 ] ; then\n    # print error to STDERR\n    echo \"error: The sandbox is not in sync with the Podfile.lock. Run 'pod install' or update your CocoaPods installation.\" >&2\n    exit 1\nfi\n# This output is used by Xcode 'outputs' to avoid re-running this script phase.\necho \"SUCCESS\" > \"${SCRIPT_OUTPUT_FILE_0}\"\n";
			showEnvVarsInLog = 0;
		};
		B9FF891CE30BE95BBAB46824 /* [CP] Check Pods Manifest.lock */ = {
			isa = PBXShellScriptBuildPhase;
			buildActionMask = 2147483647;
			files = (
			);
			inputPaths = (
				"${PODS_PODFILE_DIR_PATH}/Podfile.lock",
				"${PODS_ROOT}/Manifest.lock",
			);
			name = "[CP] Check Pods Manifest.lock";
			outputPaths = (
				"$(DERIVED_FILE_DIR)/Pods-InstagroomTests-checkManifestLockResult.txt",
			);
			runOnlyForDeploymentPostprocessing = 0;
			shellPath = /bin/sh;
			shellScript = "diff \"${PODS_PODFILE_DIR_PATH}/Podfile.lock\" \"${PODS_ROOT}/Manifest.lock\" > /dev/null\nif [ $? != 0 ] ; then\n    # print error to STDERR\n    echo \"error: The sandbox is not in sync with the Podfile.lock. Run 'pod install' or update your CocoaPods installation.\" >&2\n    exit 1\nfi\n# This output is used by Xcode 'outputs' to avoid re-running this script phase.\necho \"SUCCESS\" > \"${SCRIPT_OUTPUT_FILE_0}\"\n";
			showEnvVarsInLog = 0;
		};
/* End PBXShellScriptBuildPhase section */

/* Begin PBXSourcesBuildPhase section */
		14EB0380221872C300969E09 /* Sources */ = {
			isa = PBXSourcesBuildPhase;
			buildActionMask = 2147483647;
			files = (
				14EB0390221872C300969E09 /* Instagroom.xcdatamodeld in Sources */,
				14EB038A221872C300969E09 /* ViewController.swift in Sources */,
				14EB0388221872C300969E09 /* AppDelegate.swift in Sources */,
				14EB03DB221A50BC00969E09 /* Extensions.swift in Sources */,
			);
			runOnlyForDeploymentPostprocessing = 0;
		};
		14EB0397221872C600969E09 /* Sources */ = {
			isa = PBXSourcesBuildPhase;
			buildActionMask = 2147483647;
			files = (
				14EB03A0221872C600969E09 /* InstagroomTests.swift in Sources */,
			);
			runOnlyForDeploymentPostprocessing = 0;
		};
		14EB03A2221872C600969E09 /* Sources */ = {
			isa = PBXSourcesBuildPhase;
			buildActionMask = 2147483647;
			files = (
				14EB03AB221872C600969E09 /* InstagroomUITests.swift in Sources */,
			);
			runOnlyForDeploymentPostprocessing = 0;
		};
/* End PBXSourcesBuildPhase section */

/* Begin PBXTargetDependency section */
		14EB039D221872C600969E09 /* PBXTargetDependency */ = {
			isa = PBXTargetDependency;
			target = 14EB0383221872C300969E09 /* Instagroom */;
			targetProxy = 14EB039C221872C600969E09 /* PBXContainerItemProxy */;
		};
		14EB03A8221872C600969E09 /* PBXTargetDependency */ = {
			isa = PBXTargetDependency;
			target = 14EB0383221872C300969E09 /* Instagroom */;
			targetProxy = 14EB03A7221872C600969E09 /* PBXContainerItemProxy */;
		};
/* End PBXTargetDependency section */

/* Begin PBXVariantGroup section */
		14EB038B221872C300969E09 /* Main.storyboard */ = {
			isa = PBXVariantGroup;
			children = (
				14EB038C221872C300969E09 /* Base */,
			);
			name = Main.storyboard;
			sourceTree = "<group>";
		};
		14EB0393221872C500969E09 /* LaunchScreen.storyboard */ = {
			isa = PBXVariantGroup;
			children = (
				14EB0394221872C500969E09 /* Base */,
			);
			name = LaunchScreen.storyboard;
			sourceTree = "<group>";
		};
/* End PBXVariantGroup section */

/* Begin XCBuildConfiguration section */
		14EB03AD221872C600969E09 /* Debug */ = {
			isa = XCBuildConfiguration;
			buildSettings = {
				ALWAYS_SEARCH_USER_PATHS = NO;
				CLANG_ANALYZER_NONNULL = YES;
				CLANG_ANALYZER_NUMBER_OBJECT_CONVERSION = YES_AGGRESSIVE;
				CLANG_CXX_LANGUAGE_STANDARD = "gnu++14";
				CLANG_CXX_LIBRARY = "libc++";
				CLANG_ENABLE_MODULES = YES;
				CLANG_ENABLE_OBJC_ARC = YES;
				CLANG_ENABLE_OBJC_WEAK = YES;
				CLANG_WARN_BLOCK_CAPTURE_AUTORELEASING = YES;
				CLANG_WARN_BOOL_CONVERSION = YES;
				CLANG_WARN_COMMA = YES;
				CLANG_WARN_CONSTANT_CONVERSION = YES;
				CLANG_WARN_DEPRECATED_OBJC_IMPLEMENTATIONS = YES;
				CLANG_WARN_DIRECT_OBJC_ISA_USAGE = YES_ERROR;
				CLANG_WARN_DOCUMENTATION_COMMENTS = YES;
				CLANG_WARN_EMPTY_BODY = YES;
				CLANG_WARN_ENUM_CONVERSION = YES;
				CLANG_WARN_INFINITE_RECURSION = YES;
				CLANG_WARN_INT_CONVERSION = YES;
				CLANG_WARN_NON_LITERAL_NULL_CONVERSION = YES;
				CLANG_WARN_OBJC_IMPLICIT_RETAIN_SELF = YES;
				CLANG_WARN_OBJC_LITERAL_CONVERSION = YES;
				CLANG_WARN_OBJC_ROOT_CLASS = YES_ERROR;
				CLANG_WARN_RANGE_LOOP_ANALYSIS = YES;
				CLANG_WARN_STRICT_PROTOTYPES = YES;
				CLANG_WARN_SUSPICIOUS_MOVE = YES;
				CLANG_WARN_UNGUARDED_AVAILABILITY = YES_AGGRESSIVE;
				CLANG_WARN_UNREACHABLE_CODE = YES;
				CLANG_WARN__DUPLICATE_METHOD_MATCH = YES;
				CODE_SIGN_IDENTITY = "iPhone Developer";
				COPY_PHASE_STRIP = NO;
				DEBUG_INFORMATION_FORMAT = dwarf;
				ENABLE_STRICT_OBJC_MSGSEND = YES;
				ENABLE_TESTABILITY = YES;
				GCC_C_LANGUAGE_STANDARD = gnu11;
				GCC_DYNAMIC_NO_PIC = NO;
				GCC_NO_COMMON_BLOCKS = YES;
				GCC_OPTIMIZATION_LEVEL = 0;
				GCC_PREPROCESSOR_DEFINITIONS = (
					"DEBUG=1",
					"$(inherited)",
				);
				GCC_WARN_64_TO_32_BIT_CONVERSION = YES;
				GCC_WARN_ABOUT_RETURN_TYPE = YES_ERROR;
				GCC_WARN_UNDECLARED_SELECTOR = YES;
				GCC_WARN_UNINITIALIZED_AUTOS = YES_AGGRESSIVE;
				GCC_WARN_UNUSED_FUNCTION = YES;
				GCC_WARN_UNUSED_VARIABLE = YES;
				IPHONEOS_DEPLOYMENT_TARGET = 12.0;
				MTL_ENABLE_DEBUG_INFO = INCLUDE_SOURCE;
				MTL_FAST_MATH = YES;
				ONLY_ACTIVE_ARCH = YES;
				SDKROOT = iphoneos;
				SWIFT_ACTIVE_COMPILATION_CONDITIONS = DEBUG;
				SWIFT_OPTIMIZATION_LEVEL = "-Onone";
			};
			name = Debug;
		};
		14EB03AE221872C600969E09 /* Release */ = {
			isa = XCBuildConfiguration;
			buildSettings = {
				ALWAYS_SEARCH_USER_PATHS = NO;
				CLANG_ANALYZER_NONNULL = YES;
				CLANG_ANALYZER_NUMBER_OBJECT_CONVERSION = YES_AGGRESSIVE;
				CLANG_CXX_LANGUAGE_STANDARD = "gnu++14";
				CLANG_CXX_LIBRARY = "libc++";
				CLANG_ENABLE_MODULES = YES;
				CLANG_ENABLE_OBJC_ARC = YES;
				CLANG_ENABLE_OBJC_WEAK = YES;
				CLANG_WARN_BLOCK_CAPTURE_AUTORELEASING = YES;
				CLANG_WARN_BOOL_CONVERSION = YES;
				CLANG_WARN_COMMA = YES;
				CLANG_WARN_CONSTANT_CONVERSION = YES;
				CLANG_WARN_DEPRECATED_OBJC_IMPLEMENTATIONS = YES;
				CLANG_WARN_DIRECT_OBJC_ISA_USAGE = YES_ERROR;
				CLANG_WARN_DOCUMENTATION_COMMENTS = YES;
				CLANG_WARN_EMPTY_BODY = YES;
				CLANG_WARN_ENUM_CONVERSION = YES;
				CLANG_WARN_INFINITE_RECURSION = YES;
				CLANG_WARN_INT_CONVERSION = YES;
				CLANG_WARN_NON_LITERAL_NULL_CONVERSION = YES;
				CLANG_WARN_OBJC_IMPLICIT_RETAIN_SELF = YES;
				CLANG_WARN_OBJC_LITERAL_CONVERSION = YES;
				CLANG_WARN_OBJC_ROOT_CLASS = YES_ERROR;
				CLANG_WARN_RANGE_LOOP_ANALYSIS = YES;
				CLANG_WARN_STRICT_PROTOTYPES = YES;
				CLANG_WARN_SUSPICIOUS_MOVE = YES;
				CLANG_WARN_UNGUARDED_AVAILABILITY = YES_AGGRESSIVE;
				CLANG_WARN_UNREACHABLE_CODE = YES;
				CLANG_WARN__DUPLICATE_METHOD_MATCH = YES;
				CODE_SIGN_IDENTITY = "iPhone Developer";
				COPY_PHASE_STRIP = NO;
				DEBUG_INFORMATION_FORMAT = "dwarf-with-dsym";
				ENABLE_NS_ASSERTIONS = NO;
				ENABLE_STRICT_OBJC_MSGSEND = YES;
				GCC_C_LANGUAGE_STANDARD = gnu11;
				GCC_NO_COMMON_BLOCKS = YES;
				GCC_WARN_64_TO_32_BIT_CONVERSION = YES;
				GCC_WARN_ABOUT_RETURN_TYPE = YES_ERROR;
				GCC_WARN_UNDECLARED_SELECTOR = YES;
				GCC_WARN_UNINITIALIZED_AUTOS = YES_AGGRESSIVE;
				GCC_WARN_UNUSED_FUNCTION = YES;
				GCC_WARN_UNUSED_VARIABLE = YES;
				IPHONEOS_DEPLOYMENT_TARGET = 12.0;
				MTL_ENABLE_DEBUG_INFO = NO;
				MTL_FAST_MATH = YES;
				SDKROOT = iphoneos;
				SWIFT_COMPILATION_MODE = wholemodule;
				SWIFT_OPTIMIZATION_LEVEL = "-O";
				VALIDATE_PRODUCT = YES;
			};
			name = Release;
		};
		14EB03B0221872C600969E09 /* Debug */ = {
			isa = XCBuildConfiguration;
			baseConfigurationReference = 626C60C5BB9953F1EBC6D19E /* Pods-Instagroom.debug.xcconfig */;
			buildSettings = {
				ASSETCATALOG_COMPILER_APPICON_NAME = AppIcon;
				CODE_SIGN_STYLE = Automatic;
				DEVELOPMENT_TEAM = 28XXG6S5AU;
				INFOPLIST_FILE = Instagroom/Info.plist;
				LD_RUNPATH_SEARCH_PATHS = (
					"$(inherited)",
					"@executable_path/Frameworks",
				);
				PRODUCT_BUNDLE_IDENTIFIER = org.xrobotics.Instagroom;
				PRODUCT_NAME = "$(TARGET_NAME)";
				SWIFT_VERSION = 4.2;
				TARGETED_DEVICE_FAMILY = "1,2";
			};
			name = Debug;
		};
		14EB03B1221872C600969E09 /* Release */ = {
			isa = XCBuildConfiguration;
			baseConfigurationReference = 0754D9053EA1DE4B86C0C1CC /* Pods-Instagroom.release.xcconfig */;
			buildSettings = {
				ASSETCATALOG_COMPILER_APPICON_NAME = AppIcon;
				CODE_SIGN_STYLE = Automatic;
				DEVELOPMENT_TEAM = 28XXG6S5AU;
				INFOPLIST_FILE = Instagroom/Info.plist;
				LD_RUNPATH_SEARCH_PATHS = (
					"$(inherited)",
					"@executable_path/Frameworks",
				);
				PRODUCT_BUNDLE_IDENTIFIER = org.xrobotics.Instagroom;
				PRODUCT_NAME = "$(TARGET_NAME)";
				SWIFT_VERSION = 4.2;
				TARGETED_DEVICE_FAMILY = "1,2";
			};
			name = Release;
		};
		14EB03B3221872C600969E09 /* Debug */ = {
			isa = XCBuildConfiguration;
			baseConfigurationReference = A0500E35AEEAAE929CDD22A2 /* Pods-InstagroomTests.debug.xcconfig */;
			buildSettings = {
				ALWAYS_EMBED_SWIFT_STANDARD_LIBRARIES = YES;
				BUNDLE_LOADER = "$(TEST_HOST)";
				CODE_SIGN_STYLE = Automatic;
				DEVELOPMENT_TEAM = 28XXG6S5AU;
				INFOPLIST_FILE = InstagroomTests/Info.plist;
				LD_RUNPATH_SEARCH_PATHS = (
					"$(inherited)",
					"@executable_path/Frameworks",
					"@loader_path/Frameworks",
				);
				PRODUCT_BUNDLE_IDENTIFIER = org.xrobotics.InstagroomTests;
				PRODUCT_NAME = "$(TARGET_NAME)";
				SWIFT_VERSION = 4.2;
				TARGETED_DEVICE_FAMILY = "1,2";
				TEST_HOST = "$(BUILT_PRODUCTS_DIR)/Instagroom.app/Instagroom";
			};
			name = Debug;
		};
		14EB03B4221872C600969E09 /* Release */ = {
			isa = XCBuildConfiguration;
			baseConfigurationReference = 7ED9B389B4C95E91D61E695A /* Pods-InstagroomTests.release.xcconfig */;
			buildSettings = {
				ALWAYS_EMBED_SWIFT_STANDARD_LIBRARIES = YES;
				BUNDLE_LOADER = "$(TEST_HOST)";
				CODE_SIGN_STYLE = Automatic;
				DEVELOPMENT_TEAM = 28XXG6S5AU;
				INFOPLIST_FILE = InstagroomTests/Info.plist;
				LD_RUNPATH_SEARCH_PATHS = (
					"$(inherited)",
					"@executable_path/Frameworks",
					"@loader_path/Frameworks",
				);
				PRODUCT_BUNDLE_IDENTIFIER = org.xrobotics.InstagroomTests;
				PRODUCT_NAME = "$(TARGET_NAME)";
				SWIFT_VERSION = 4.2;
				TARGETED_DEVICE_FAMILY = "1,2";
				TEST_HOST = "$(BUILT_PRODUCTS_DIR)/Instagroom.app/Instagroom";
			};
			name = Release;
		};
		14EB03B6221872C600969E09 /* Debug */ = {
			isa = XCBuildConfiguration;
			baseConfigurationReference = 3FF7863744C8FBC82DABD365 /* Pods-InstagroomUITests.debug.xcconfig */;
			buildSettings = {
				ALWAYS_EMBED_SWIFT_STANDARD_LIBRARIES = YES;
				CODE_SIGN_STYLE = Automatic;
				DEVELOPMENT_TEAM = 28XXG6S5AU;
				INFOPLIST_FILE = InstagroomUITests/Info.plist;
				LD_RUNPATH_SEARCH_PATHS = (
					"$(inherited)",
					"@executable_path/Frameworks",
					"@loader_path/Frameworks",
				);
				PRODUCT_BUNDLE_IDENTIFIER = org.xrobotics.InstagroomUITests;
				PRODUCT_NAME = "$(TARGET_NAME)";
				SWIFT_VERSION = 4.2;
				TARGETED_DEVICE_FAMILY = "1,2";
				TEST_TARGET_NAME = Instagroom;
			};
			name = Debug;
		};
		14EB03B7221872C600969E09 /* Release */ = {
			isa = XCBuildConfiguration;
			baseConfigurationReference = 3C1702A07C7E83DE6DE2A00C /* Pods-InstagroomUITests.release.xcconfig */;
			buildSettings = {
				ALWAYS_EMBED_SWIFT_STANDARD_LIBRARIES = YES;
				CODE_SIGN_STYLE = Automatic;
				DEVELOPMENT_TEAM = 28XXG6S5AU;
				INFOPLIST_FILE = InstagroomUITests/Info.plist;
				LD_RUNPATH_SEARCH_PATHS = (
					"$(inherited)",
					"@executable_path/Frameworks",
					"@loader_path/Frameworks",
				);
				PRODUCT_BUNDLE_IDENTIFIER = org.xrobotics.InstagroomUITests;
				PRODUCT_NAME = "$(TARGET_NAME)";
				SWIFT_VERSION = 4.2;
				TARGETED_DEVICE_FAMILY = "1,2";
				TEST_TARGET_NAME = Instagroom;
			};
			name = Release;
		};
/* End XCBuildConfiguration section */

/* Begin XCConfigurationList section */
		14EB037F221872C300969E09 /* Build configuration list for PBXProject "Instagroom" */ = {
			isa = XCConfigurationList;
			buildConfigurations = (
				14EB03AD221872C600969E09 /* Debug */,
				14EB03AE221872C600969E09 /* Release */,
			);
			defaultConfigurationIsVisible = 0;
			defaultConfigurationName = Release;
		};
		14EB03AF221872C600969E09 /* Build configuration list for PBXNativeTarget "Instagroom" */ = {
			isa = XCConfigurationList;
			buildConfigurations = (
				14EB03B0221872C600969E09 /* Debug */,
				14EB03B1221872C600969E09 /* Release */,
			);
			defaultConfigurationIsVisible = 0;
			defaultConfigurationName = Release;
		};
		14EB03B2221872C600969E09 /* Build configuration list for PBXNativeTarget "InstagroomTests" */ = {
			isa = XCConfigurationList;
			buildConfigurations = (
				14EB03B3221872C600969E09 /* Debug */,
				14EB03B4221872C600969E09 /* Release */,
			);
			defaultConfigurationIsVisible = 0;
			defaultConfigurationName = Release;
		};
		14EB03B5221872C600969E09 /* Build configuration list for PBXNativeTarget "InstagroomUITests" */ = {
			isa = XCConfigurationList;
			buildConfigurations = (
				14EB03B6221872C600969E09 /* Debug */,
				14EB03B7221872C600969E09 /* Release */,
			);
			defaultConfigurationIsVisible = 0;
			defaultConfigurationName = Release;
		};
/* End XCConfigurationList section */

/* Begin XCVersionGroup section */
		14EB038E221872C300969E09 /* Instagroom.xcdatamodeld */ = {
			isa = XCVersionGroup;
			children = (
				14EB038F221872C300969E09 /* Instagroom.xcdatamodel */,
			);
			currentVersion = 14EB038F221872C300969E09 /* Instagroom.xcdatamodel */;
			path = Instagroom.xcdatamodeld;
			sourceTree = "<group>";
			versionGroupType = wrapper.xcdatamodel;
		};
/* End XCVersionGroup section */
	};
	rootObject = 14EB037C221872C300969E09 /* Project object */;
}
